
Microsoft Visual Studio Solution File, Format Version 12.00
# Visual Studio Version 17
VisualStudioVersion = 17.4.32916.344
MinimumVisualStudioVersion = 10.0.40219.1
Project("{9A19103F-16F7-4668-BE54-9A1E7A4F7556}") = "Proyecti Cafeteria.ClientesBlazor", "Proyecti Cafeteria.ClientesBlazor.csproj", "{46A802B7-DA2B-4D3E-ABFA-133516C44DCE}"
EndProject
Global
	GlobalSection(SolutionConfigurationPlatforms) = preSolution
		Debug|Any CPU = Debug|Any CPU
		Release|Any CPU = Release|Any CPU
	EndGlobalSection
	GlobalSection(ProjectConfigurationPlatforms) = postSolution
		{46A802B7-DA2B-4D3E-ABFA-133516C44DCE}.Debug|Any CPU.ActiveCfg = Debug|Any CPU
		{46A802B7-DA2B-4D3E-ABFA-133516C44DCE}.Debug|Any CPU.Build.0 = Debug|Any CPU
		{46A802B7-DA2B-4D3E-ABFA-133516C44DCE}.Release|Any CPU.ActiveCfg = Release|Any CPU
		{46A802B7-DA2B-4D3E-ABFA-133516C44DCE}.Release|Any CPU.Build.0 = Release|Any CPU
	EndGlobalSection
	GlobalSection(SolutionProperties) = preSolution
		HideSolutionNode = FALSE
	EndGlobalSection
	GlobalSection(ExtensibilityGlobals) = postSolution
		SolutionGuid = {F9DDC80B-CDB2-4D09-915C-CE108D78AA8A}
	EndGlobalSection
EndGlobal
